
Microsoft Visual Studio Solution File, Format Version 12.00
# Visual Studio Version 16
VisualStudioVersion = 16.0.31729.503
MinimumVisualStudioVersion = 10.0.40219.1
Project("{8BC9CEB8-8B4A-11D0-8D11-00A0C91BC942}") = "n27424", "Task27\n27424\n27424.vcxproj", "{9A020DF6-5691-4CF4-A4C1-DD3786E4E86D}"
EndProject
Project("{8BC9CEB8-8B4A-11D0-8D11-00A0C91BC942}") = "n15787", "Task02\n15787\n15787.vcxproj", "{70D26258-4881-4278-862E-B42BEE7B12AC}"
EndProject
Project("{2150E333-8FDC-42A3-9474-1A3956D46DE8}") = "Task02", "Task02", "{C4382AAD-1730-45D0-8695-0D53CA0818E2}"
EndProject
Project("{2150E333-8FDC-42A3-9474-1A3956D46DE8}") = "Task27", "Task27", "{5F9DE8E8-BE20-4575-B6E8-43B592A9D738}"
EndProject
Project("{8BC9CEB8-8B4A-11D0-8D11-00A0C91BC942}") = "Temp", "Temp\Temp.vcxproj", "{20739E75-671D-41B5-99B7-C51E7C509F90}"
EndProject
Project("{2150E333-8FDC-42A3-9474-1A3956D46DE8}") = "Task07", "Task07", "{CD1AC05C-8060-45B0-BD3D-EDFE91832E8F}"
EndProject
Project("{8BC9CEB8-8B4A-11D0-8D11-00A0C91BC942}") = "n27267", "Task07\n27267\n27267.vcxproj", "{0F4DEEBB-E68B-44B2-986D-9E6ABC4D7709}"
EndProject
Project("{2150E333-8FDC-42A3-9474-1A3956D46DE8}") = "Task23", "Task23", "{6F088030-0737-43EB-8460-18B44741218C}"
EndProject
Project("{8BC9CEB8-8B4A-11D0-8D11-00A0C91BC942}") = "n18503", "Task23\n18503\n18503.vcxproj", "{74EFCEBF-351D-407C-B01C-EB3551B7C12C}"
EndProject
Project("{2150E333-8FDC-42A3-9474-1A3956D46DE8}") = "Task16", "Task16", "{5240753E-E801-4EA6-93A6-77A8466238CE}"
EndProject
Project("{8BC9CEB8-8B4A-11D0-8D11-00A0C91BC942}") = "n27413", "Task16\n27413\n27413.vcxproj", "{2D69CB36-A2D1-4609-B1DC-B2F6CA5B5C6D}"
EndProject
Project("{8BC9CEB8-8B4A-11D0-8D11-00A0C91BC942}") = "n13579", "Task23\n13579\n13579.vcxproj", "{48381F09-3764-413E-B9AF-92F0B403018F}"
EndProject
Project("{8BC9CEB8-8B4A-11D0-8D11-00A0C91BC942}") = "n33486", "Task16\n33486\n33486.vcxproj", "{D544675E-D57C-498F-9F93-9701452596E1}"
EndProject
Project("{8BC9CEB8-8B4A-11D0-8D11-00A0C91BC942}") = "n33518", "Task16\n33518\n33518.vcxproj", "{F718EDE8-C9AC-4936-BEAC-2091571EA707}"
EndProject
Project("{2150E333-8FDC-42A3-9474-1A3956D46DE8}") = "Task21", "Task21", "{3CDCDA0B-F5B5-4283-9602-F33E8C84BD7E}"
EndProject
Project("{8BC9CEB8-8B4A-11D0-8D11-00A0C91BC942}") = "n27804", "Task21\n27804\n27804.vcxproj", "{CF0D44A6-FCEA-49B7-A1D4-709B31F82171}"
EndProject
Project("{2150E333-8FDC-42A3-9474-1A3956D46DE8}") = "Task19", "Task19", "{FB7C766E-4990-409B-8F3A-74BC4FAC1E19}"
EndProject
Project("{8BC9CEB8-8B4A-11D0-8D11-00A0C91BC942}") = "n27802", "Task19\n27802\n27802.vcxproj", "{FEB52E89-3447-4E59-B6BA-5E698CFF2E17}"
EndProject
Project("{2150E333-8FDC-42A3-9474-1A3956D46DE8}") = "Task20", "Task20", "{C739DFF6-0184-4A56-A4A1-B0E6A9DF85BF}"
EndProject
Project("{8BC9CEB8-8B4A-11D0-8D11-00A0C91BC942}") = "n27803", "Task20\n27803\n27803.vcxproj", "{4E74AF8D-63F0-41EC-B1B2-8D88CF70713A}"
EndProject
Project("{8BC9CEB8-8B4A-11D0-8D11-00A0C91BC942}") = "n27416", "Task19\n27416\n27416.vcxproj", "{CA5E056D-E930-4008-AB67-481499679DC7}"
EndProject
Project("{8BC9CEB8-8B4A-11D0-8D11-00A0C91BC942}") = "n27417", "Task20\n27417\n27417.vcxproj", "{0C527220-5B78-4139-982F-F8444BC225F8}"
EndProject
Project("{8BC9CEB8-8B4A-11D0-8D11-00A0C91BC942}") = "n27418", "Task21\n27418\n27418.vcxproj", "{3B194EAD-5394-4E48-B509-BD2DDF35E5CF}"
EndProject
Project("{2150E333-8FDC-42A3-9474-1A3956D46DE8}") = "Task26", "Task26", "{F502CE26-0057-4D16-BDCE-4B30C37EAFC9}"
EndProject
Project("{8BC9CEB8-8B4A-11D0-8D11-00A0C91BC942}") = "n36000", "Task26\n36000\n36000.vcxproj", "{CB3CFBEA-FEDE-4ED3-B5A5-CE2AACCB93DC}"
EndProject
Project("{2150E333-8FDC-42A3-9474-1A3956D46DE8}") = "Task24", "Task24", "{3EBB7997-F495-4361-945D-0221EFF73D21}"
EndProject
Project("{8BC9CEB8-8B4A-11D0-8D11-00A0C91BC942}") = "n27421", "Task24\n27421\n27421.vcxproj", "{11C35D2A-B270-47FC-BFF6-D8D90DDFA99B}"
EndProject
Project("{8BC9CEB8-8B4A-11D0-8D11-00A0C91BC942}") = "n27686", "Task24\n27686\n27686.vcxproj", "{6EA8B29F-61F1-475F-94CE-118344DAEB37}"
EndProject
Project("{8BC9CEB8-8B4A-11D0-8D11-00A0C91BC942}") = "n27689", "Task24\n27689\n27689.vcxproj", "{4EDDFE09-DE68-4DFA-BBD0-A1E8A51B9523}"
EndProject
Project("{8BC9CEB8-8B4A-11D0-8D11-00A0C91BC942}") = "n33526", "Task24\n33526\n33526.vcxproj", "{5D494C35-1734-419F-B7D5-726B69794A5D}"
EndProject
Project("{8BC9CEB8-8B4A-11D0-8D11-00A0C91BC942}") = "n29672", "Task24\n29672\n29672.vcxproj", "{53153A6C-6A75-4D68-9BEE-0286F9DAAF6F}"
EndProject
Project("{2150E333-8FDC-42A3-9474-1A3956D46DE8}") = "Task06", "Task06", "{A0729840-D58E-4882-A708-9488D28A1462}"
EndProject
Project("{8BC9CEB8-8B4A-11D0-8D11-00A0C91BC942}") = "n36861", "Task06\n36861\n36861.vcxproj", "{6C0F9FB0-EDFE-43C3-BE2C-51C7D9517652}"
EndProject
Project("{8BC9CEB8-8B4A-11D0-8D11-00A0C91BC942}") = "n37141", "Task06\n37141\n37141.vcxproj", "{0D329C08-A7FD-42B6-9B89-122FA395E3B7}"
EndProject
Project("{8BC9CEB8-8B4A-11D0-8D11-00A0C91BC942}") = "n38940", "Task06\n38940\n38940.vcxproj", "{ED0646AF-4F0C-4B9B-80B0-737754410725}"
EndProject
Project("{8BC9CEB8-8B4A-11D0-8D11-00A0C91BC942}") = "n27891", "Task27\n27891\n27891.vcxproj", "{FB4E5BF2-3206-4E65-9587-071CD958DEFA}"
EndProject
Project("{8BC9CEB8-8B4A-11D0-8D11-00A0C91BC942}") = "n28130", "Task27\n28130\n28130.vcxproj", "{1BDA23E3-B4F2-4912-BD75-AF4383EAAB74}"
EndProject
Project("{8BC9CEB8-8B4A-11D0-8D11-00A0C91BC942}") = "n40981", "Task06\n40981\n40981.vcxproj", "{6D56121E-D8E5-4920-A84E-B920C5B14A7D}"
EndProject
Project("{2150E333-8FDC-42A3-9474-1A3956D46DE8}") = "Task12", "Task12", "{9AD90F60-22A8-424E-AC4B-EB5EE1DB2CEA}"
EndProject
Project("{8BC9CEB8-8B4A-11D0-8D11-00A0C91BC942}") = "n9365", "Task12\n9365\n9365.vcxproj", "{F5CDB0DB-DB3C-4E29-83F1-2E97495A0983}"
EndProject
Project("{8BC9CEB8-8B4A-11D0-8D11-00A0C91BC942}") = "n10415", "Task12\n10415\n10415.vcxproj", "{114FE09E-7B38-46AE-97BA-B0E7C0DCAE9F}"
EndProject
Project("{8BC9CEB8-8B4A-11D0-8D11-00A0C91BC942}") = "n15854", "Task12\n15854\n15854.vcxproj", "{AA043D67-0E04-40AD-83E6-AAB5C8B5506A}"
EndProject
Project("{8BC9CEB8-8B4A-11D0-8D11-00A0C91BC942}") = "n18495", "Task12\n18495\n18495.vcxproj", "{5F6BB0EA-6115-4C6A-A0B8-D85E848C9B26}"
EndProject
Project("{8BC9CEB8-8B4A-11D0-8D11-00A0C91BC942}") = "n23912", "Task12\n23912\n23912.vcxproj", "{037B6492-CA93-40B2-AA11-4D0BCEC396CD}"
EndProject
Project("{8BC9CEB8-8B4A-11D0-8D11-00A0C91BC942}") = "n26986", "Task12\n26986\n26986.vcxproj", "{FEE6A3E7-D13D-4F87-918C-81FF3150D623}"
EndProject
Project("{8BC9CEB8-8B4A-11D0-8D11-00A0C91BC942}") = "n27886", "Task26\n27886\n27886.vcxproj", "{F5CF9C4C-96A4-4377-9013-2CC3B8000D66}"
EndProject
Project("{8BC9CEB8-8B4A-11D0-8D11-00A0C91BC942}") = "n9761", "Task16\n9761\n9761.vcxproj", "{56833741-E7FD-4D15-A890-9601A446B1BF}"
EndProject
Project("{2150E333-8FDC-42A3-9474-1A3956D46DE8}") = "Task25", "Task25", "{7C98A95A-BF1C-4BD7-A918-91DF6EB7AE5E}"
EndProject
Project("{8BC9CEB8-8B4A-11D0-8D11-00A0C91BC942}") = "n41000", "Task25\n41000\n41000.vcxproj", "{24BE0DA0-73AF-4046-A982-E1888877DB31}"
EndProject
Project("{2150E333-8FDC-42A3-9474-1A3956D46DE8}") = "Task17", "Task17", "{DA1A674B-593A-403F-BF9B-F50680246851}"
EndProject
Project("{8BC9CEB8-8B4A-11D0-8D11-00A0C91BC942}") = "n39763", "Task17\n39763\n39763.vcxproj", "{C2482951-B493-42D4-8844-AF6720EFCE5E}"
EndProject
Project("{8BC9CEB8-8B4A-11D0-8D11-00A0C91BC942}") = "n33199", "Task27\n33199\n33199.vcxproj", "{AAD87771-4E01-426C-888A-610000BD64E0}"
EndProject
Global
	GlobalSection(SolutionConfigurationPlatforms) = preSolution
		Debug|x64 = Debug|x64
		Debug|x86 = Debug|x86
		Release|x64 = Release|x64
		Release|x86 = Release|x86
	EndGlobalSection
	GlobalSection(ProjectConfigurationPlatforms) = postSolution
		{9A020DF6-5691-4CF4-A4C1-DD3786E4E86D}.Debug|x64.ActiveCfg = Debug|x64
		{9A020DF6-5691-4CF4-A4C1-DD3786E4E86D}.Debug|x64.Build.0 = Debug|x64
		{9A020DF6-5691-4CF4-A4C1-DD3786E4E86D}.Debug|x86.ActiveCfg = Debug|Win32
		{9A020DF6-5691-4CF4-A4C1-DD3786E4E86D}.Debug|x86.Build.0 = Debug|Win32
		{9A020DF6-5691-4CF4-A4C1-DD3786E4E86D}.Release|x64.ActiveCfg = Release|x64
		{9A020DF6-5691-4CF4-A4C1-DD3786E4E86D}.Release|x64.Build.0 = Release|x64
		{9A020DF6-5691-4CF4-A4C1-DD3786E4E86D}.Release|x86.ActiveCfg = Release|Win32
		{9A020DF6-5691-4CF4-A4C1-DD3786E4E86D}.Release|x86.Build.0 = Release|Win32
		{70D26258-4881-4278-862E-B42BEE7B12AC}.Debug|x64.ActiveCfg = Debug|x64
		{70D26258-4881-4278-862E-B42BEE7B12AC}.Debug|x64.Build.0 = Debug|x64
		{70D26258-4881-4278-862E-B42BEE7B12AC}.Debug|x86.ActiveCfg = Debug|Win32
		{70D26258-4881-4278-862E-B42BEE7B12AC}.Debug|x86.Build.0 = Debug|Win32
		{70D26258-4881-4278-862E-B42BEE7B12AC}.Release|x64.ActiveCfg = Release|x64
		{70D26258-4881-4278-862E-B42BEE7B12AC}.Release|x64.Build.0 = Release|x64
		{70D26258-4881-4278-862E-B42BEE7B12AC}.Release|x86.ActiveCfg = Release|Win32
		{70D26258-4881-4278-862E-B42BEE7B12AC}.Release|x86.Build.0 = Release|Win32
		{20739E75-671D-41B5-99B7-C51E7C509F90}.Debug|x64.ActiveCfg = Debug|x64
		{20739E75-671D-41B5-99B7-C51E7C509F90}.Debug|x64.Build.0 = Debug|x64
		{20739E75-671D-41B5-99B7-C51E7C509F90}.Debug|x86.ActiveCfg = Debug|Win32
		{20739E75-671D-41B5-99B7-C51E7C509F90}.Debug|x86.Build.0 = Debug|Win32
		{20739E75-671D-41B5-99B7-C51E7C509F90}.Release|x64.ActiveCfg = Release|x64
		{20739E75-671D-41B5-99B7-C51E7C509F90}.Release|x64.Build.0 = Release|x64
		{20739E75-671D-41B5-99B7-C51E7C509F90}.Release|x86.ActiveCfg = Release|Win32
		{20739E75-671D-41B5-99B7-C51E7C509F90}.Release|x86.Build.0 = Release|Win32
		{0F4DEEBB-E68B-44B2-986D-9E6ABC4D7709}.Debug|x64.ActiveCfg = Debug|x64
		{0F4DEEBB-E68B-44B2-986D-9E6ABC4D7709}.Debug|x64.Build.0 = Debug|x64
		{0F4DEEBB-E68B-44B2-986D-9E6ABC4D7709}.Debug|x86.ActiveCfg = Debug|Win32
		{0F4DEEBB-E68B-44B2-986D-9E6ABC4D7709}.Debug|x86.Build.0 = Debug|Win32
		{0F4DEEBB-E68B-44B2-986D-9E6ABC4D7709}.Release|x64.ActiveCfg = Release|x64
		{0F4DEEBB-E68B-44B2-986D-9E6ABC4D7709}.Release|x64.Build.0 = Release|x64
		{0F4DEEBB-E68B-44B2-986D-9E6ABC4D7709}.Release|x86.ActiveCfg = Release|Win32
		{0F4DEEBB-E68B-44B2-986D-9E6ABC4D7709}.Release|x86.Build.0 = Release|Win32
		{74EFCEBF-351D-407C-B01C-EB3551B7C12C}.Debug|x64.ActiveCfg = Debug|x64
		{74EFCEBF-351D-407C-B01C-EB3551B7C12C}.Debug|x64.Build.0 = Debug|x64
		{74EFCEBF-351D-407C-B01C-EB3551B7C12C}.Debug|x86.ActiveCfg = Debug|Win32
		{74EFCEBF-351D-407C-B01C-EB3551B7C12C}.Debug|x86.Build.0 = Debug|Win32
		{74EFCEBF-351D-407C-B01C-EB3551B7C12C}.Release|x64.ActiveCfg = Release|x64
		{74EFCEBF-351D-407C-B01C-EB3551B7C12C}.Release|x64.Build.0 = Release|x64
		{74EFCEBF-351D-407C-B01C-EB3551B7C12C}.Release|x86.ActiveCfg = Release|Win32
		{74EFCEBF-351D-407C-B01C-EB3551B7C12C}.Release|x86.Build.0 = Release|Win32
		{2D69CB36-A2D1-4609-B1DC-B2F6CA5B5C6D}.Debug|x64.ActiveCfg = Debug|x64
		{2D69CB36-A2D1-4609-B1DC-B2F6CA5B5C6D}.Debug|x64.Build.0 = Debug|x64
		{2D69CB36-A2D1-4609-B1DC-B2F6CA5B5C6D}.Debug|x86.ActiveCfg = Debug|Win32
		{2D69CB36-A2D1-4609-B1DC-B2F6CA5B5C6D}.Debug|x86.Build.0 = Debug|Win32
		{2D69CB36-A2D1-4609-B1DC-B2F6CA5B5C6D}.Release|x64.ActiveCfg = Release|x64
		{2D69CB36-A2D1-4609-B1DC-B2F6CA5B5C6D}.Release|x64.Build.0 = Release|x64
		{2D69CB36-A2D1-4609-B1DC-B2F6CA5B5C6D}.Release|x86.ActiveCfg = Release|Win32
		{2D69CB36-A2D1-4609-B1DC-B2F6CA5B5C6D}.Release|x86.Build.0 = Release|Win32
		{48381F09-3764-413E-B9AF-92F0B403018F}.Debug|x64.ActiveCfg = Debug|x64
		{48381F09-3764-413E-B9AF-92F0B403018F}.Debug|x64.Build.0 = Debug|x64
		{48381F09-3764-413E-B9AF-92F0B403018F}.Debug|x86.ActiveCfg = Debug|Win32
		{48381F09-3764-413E-B9AF-92F0B403018F}.Debug|x86.Build.0 = Debug|Win32
		{48381F09-3764-413E-B9AF-92F0B403018F}.Release|x64.ActiveCfg = Release|x64
		{48381F09-3764-413E-B9AF-92F0B403018F}.Release|x64.Build.0 = Release|x64
		{48381F09-3764-413E-B9AF-92F0B403018F}.Release|x86.ActiveCfg = Release|Win32
		{48381F09-3764-413E-B9AF-92F0B403018F}.Release|x86.Build.0 = Release|Win32
		{D544675E-D57C-498F-9F93-9701452596E1}.Debug|x64.ActiveCfg = Debug|x64
		{D544675E-D57C-498F-9F93-9701452596E1}.Debug|x64.Build.0 = Debug|x64
		{D544675E-D57C-498F-9F93-9701452596E1}.Debug|x86.ActiveCfg = Debug|Win32
		{D544675E-D57C-498F-9F93-9701452596E1}.Debug|x86.Build.0 = Debug|Win32
		{D544675E-D57C-498F-9F93-9701452596E1}.Release|x64.ActiveCfg = Release|x64
		{D544675E-D57C-498F-9F93-9701452596E1}.Release|x64.Build.0 = Release|x64
		{D544675E-D57C-498F-9F93-9701452596E1}.Release|x86.ActiveCfg = Release|Win32
		{D544675E-D57C-498F-9F93-9701452596E1}.Release|x86.Build.0 = Release|Win32
		{F718EDE8-C9AC-4936-BEAC-2091571EA707}.Debug|x64.ActiveCfg = Debug|x64
		{F718EDE8-C9AC-4936-BEAC-2091571EA707}.Debug|x64.Build.0 = Debug|x64
		{F718EDE8-C9AC-4936-BEAC-2091571EA707}.Debug|x86.ActiveCfg = Debug|Win32
		{F718EDE8-C9AC-4936-BEAC-2091571EA707}.Debug|x86.Build.0 = Debug|Win32
		{F718EDE8-C9AC-4936-BEAC-2091571EA707}.Release|x64.ActiveCfg = Release|x64
		{F718EDE8-C9AC-4936-BEAC-2091571EA707}.Release|x64.Build.0 = Release|x64
		{F718EDE8-C9AC-4936-BEAC-2091571EA707}.Release|x86.ActiveCfg = Release|Win32
		{F718EDE8-C9AC-4936-BEAC-2091571EA707}.Release|x86.Build.0 = Release|Win32
		{CF0D44A6-FCEA-49B7-A1D4-709B31F82171}.Debug|x64.ActiveCfg = Debug|x64
		{CF0D44A6-FCEA-49B7-A1D4-709B31F82171}.Debug|x64.Build.0 = Debug|x64
		{CF0D44A6-FCEA-49B7-A1D4-709B31F82171}.Debug|x86.ActiveCfg = Debug|Win32
		{CF0D44A6-FCEA-49B7-A1D4-709B31F82171}.Debug|x86.Build.0 = Debug|Win32
		{CF0D44A6-FCEA-49B7-A1D4-709B31F82171}.Release|x64.ActiveCfg = Release|x64
		{CF0D44A6-FCEA-49B7-A1D4-709B31F82171}.Release|x64.Build.0 = Release|x64
		{CF0D44A6-FCEA-49B7-A1D4-709B31F82171}.Release|x86.ActiveCfg = Release|Win32
		{CF0D44A6-FCEA-49B7-A1D4-709B31F82171}.Release|x86.Build.0 = Release|Win32
		{FEB52E89-3447-4E59-B6BA-5E698CFF2E17}.Debug|x64.ActiveCfg = Debug|x64
		{FEB52E89-3447-4E59-B6BA-5E698CFF2E17}.Debug|x64.Build.0 = Debug|x64
		{FEB52E89-3447-4E59-B6BA-5E698CFF2E17}.Debug|x86.ActiveCfg = Debug|Win32
		{FEB52E89-3447-4E59-B6BA-5E698CFF2E17}.Debug|x86.Build.0 = Debug|Win32
		{FEB52E89-3447-4E59-B6BA-5E698CFF2E17}.Release|x64.ActiveCfg = Release|x64
		{FEB52E89-3447-4E59-B6BA-5E698CFF2E17}.Release|x64.Build.0 = Release|x64
		{FEB52E89-3447-4E59-B6BA-5E698CFF2E17}.Release|x86.ActiveCfg = Release|Win32
		{FEB52E89-3447-4E59-B6BA-5E698CFF2E17}.Release|x86.Build.0 = Release|Win32
		{4E74AF8D-63F0-41EC-B1B2-8D88CF70713A}.Debug|x64.ActiveCfg = Debug|x64
		{4E74AF8D-63F0-41EC-B1B2-8D88CF70713A}.Debug|x64.Build.0 = Debug|x64
		{4E74AF8D-63F0-41EC-B1B2-8D88CF70713A}.Debug|x86.ActiveCfg = Debug|Win32
		{4E74AF8D-63F0-41EC-B1B2-8D88CF70713A}.Debug|x86.Build.0 = Debug|Win32
		{4E74AF8D-63F0-41EC-B1B2-8D88CF70713A}.Release|x64.ActiveCfg = Release|x64
		{4E74AF8D-63F0-41EC-B1B2-8D88CF70713A}.Release|x64.Build.0 = Release|x64
		{4E74AF8D-63F0-41EC-B1B2-8D88CF70713A}.Release|x86.ActiveCfg = Release|Win32
		{4E74AF8D-63F0-41EC-B1B2-8D88CF70713A}.Release|x86.Build.0 = Release|Win32
		{CA5E056D-E930-4008-AB67-481499679DC7}.Debug|x64.ActiveCfg = Debug|x64
		{CA5E056D-E930-4008-AB67-481499679DC7}.Debug|x64.Build.0 = Debug|x64
		{CA5E056D-E930-4008-AB67-481499679DC7}.Debug|x86.ActiveCfg = Debug|Win32
		{CA5E056D-E930-4008-AB67-481499679DC7}.Debug|x86.Build.0 = Debug|Win32
		{CA5E056D-E930-4008-AB67-481499679DC7}.Release|x64.ActiveCfg = Release|x64
		{CA5E056D-E930-4008-AB67-481499679DC7}.Release|x64.Build.0 = Release|x64
		{CA5E056D-E930-4008-AB67-481499679DC7}.Release|x86.ActiveCfg = Release|Win32
		{CA5E056D-E930-4008-AB67-481499679DC7}.Release|x86.Build.0 = Release|Win32
		{0C527220-5B78-4139-982F-F8444BC225F8}.Debug|x64.ActiveCfg = Debug|x64
		{0C527220-5B78-4139-982F-F8444BC225F8}.Debug|x64.Build.0 = Debug|x64
		{0C527220-5B78-4139-982F-F8444BC225F8}.Debug|x86.ActiveCfg = Debug|Win32
		{0C527220-5B78-4139-982F-F8444BC225F8}.Debug|x86.Build.0 = Debug|Win32
		{0C527220-5B78-4139-982F-F8444BC225F8}.Release|x64.ActiveCfg = Release|x64
		{0C527220-5B78-4139-982F-F8444BC225F8}.Release|x64.Build.0 = Release|x64
		{0C527220-5B78-4139-982F-F8444BC225F8}.Release|x86.ActiveCfg = Release|Win32
		{0C527220-5B78-4139-982F-F8444BC225F8}.Release|x86.Build.0 = Release|Win32
		{3B194EAD-5394-4E48-B509-BD2DDF35E5CF}.Debug|x64.ActiveCfg = Debug|x64
		{3B194EAD-5394-4E48-B509-BD2DDF35E5CF}.Debug|x64.Build.0 = Debug|x64
		{3B194EAD-5394-4E48-B509-BD2DDF35E5CF}.Debug|x86.ActiveCfg = Debug|Win32
		{3B194EAD-5394-4E48-B509-BD2DDF35E5CF}.Debug|x86.Build.0 = Debug|Win32
		{3B194EAD-5394-4E48-B509-BD2DDF35E5CF}.Release|x64.ActiveCfg = Release|x64
		{3B194EAD-5394-4E48-B509-BD2DDF35E5CF}.Release|x64.Build.0 = Release|x64
		{3B194EAD-5394-4E48-B509-BD2DDF35E5CF}.Release|x86.ActiveCfg = Release|Win32
		{3B194EAD-5394-4E48-B509-BD2DDF35E5CF}.Release|x86.Build.0 = Release|Win32
		{CB3CFBEA-FEDE-4ED3-B5A5-CE2AACCB93DC}.Debug|x64.ActiveCfg = Debug|x64
		{CB3CFBEA-FEDE-4ED3-B5A5-CE2AACCB93DC}.Debug|x64.Build.0 = Debug|x64
		{CB3CFBEA-FEDE-4ED3-B5A5-CE2AACCB93DC}.Debug|x86.ActiveCfg = Debug|Win32
		{CB3CFBEA-FEDE-4ED3-B5A5-CE2AACCB93DC}.Debug|x86.Build.0 = Debug|Win32
		{CB3CFBEA-FEDE-4ED3-B5A5-CE2AACCB93DC}.Release|x64.ActiveCfg = Release|x64
		{CB3CFBEA-FEDE-4ED3-B5A5-CE2AACCB93DC}.Release|x64.Build.0 = Release|x64
		{CB3CFBEA-FEDE-4ED3-B5A5-CE2AACCB93DC}.Release|x86.ActiveCfg = Release|Win32
		{CB3CFBEA-FEDE-4ED3-B5A5-CE2AACCB93DC}.Release|x86.Build.0 = Release|Win32
		{11C35D2A-B270-47FC-BFF6-D8D90DDFA99B}.Debug|x64.ActiveCfg = Debug|x64
		{11C35D2A-B270-47FC-BFF6-D8D90DDFA99B}.Debug|x64.Build.0 = Debug|x64
		{11C35D2A-B270-47FC-BFF6-D8D90DDFA99B}.Debug|x86.ActiveCfg = Debug|Win32
		{11C35D2A-B270-47FC-BFF6-D8D90DDFA99B}.Debug|x86.Build.0 = Debug|Win32
		{11C35D2A-B270-47FC-BFF6-D8D90DDFA99B}.Release|x64.ActiveCfg = Release|x64
		{11C35D2A-B270-47FC-BFF6-D8D90DDFA99B}.Release|x64.Build.0 = Release|x64
		{11C35D2A-B270-47FC-BFF6-D8D90DDFA99B}.Release|x86.ActiveCfg = Release|Win32
		{11C35D2A-B270-47FC-BFF6-D8D90DDFA99B}.Release|x86.Build.0 = Release|Win32
		{6EA8B29F-61F1-475F-94CE-118344DAEB37}.Debug|x64.ActiveCfg = Debug|x64
		{6EA8B29F-61F1-475F-94CE-118344DAEB37}.Debug|x64.Build.0 = Debug|x64
		{6EA8B29F-61F1-475F-94CE-118344DAEB37}.Debug|x86.ActiveCfg = Debug|Win32
		{6EA8B29F-61F1-475F-94CE-118344DAEB37}.Debug|x86.Build.0 = Debug|Win32
		{6EA8B29F-61F1-475F-94CE-118344DAEB37}.Release|x64.ActiveCfg = Release|x64
		{6EA8B29F-61F1-475F-94CE-118344DAEB37}.Release|x64.Build.0 = Release|x64
		{6EA8B29F-61F1-475F-94CE-118344DAEB37}.Release|x86.ActiveCfg = Release|Win32
		{6EA8B29F-61F1-475F-94CE-118344DAEB37}.Release|x86.Build.0 = Release|Win32
		{4EDDFE09-DE68-4DFA-BBD0-A1E8A51B9523}.Debug|x64.ActiveCfg = Debug|x64
		{4EDDFE09-DE68-4DFA-BBD0-A1E8A51B9523}.Debug|x64.Build.0 = Debug|x64
		{4EDDFE09-DE68-4DFA-BBD0-A1E8A51B9523}.Debug|x86.ActiveCfg = Debug|Win32
		{4EDDFE09-DE68-4DFA-BBD0-A1E8A51B9523}.Debug|x86.Build.0 = Debug|Win32
		{4EDDFE09-DE68-4DFA-BBD0-A1E8A51B9523}.Release|x64.ActiveCfg = Release|x64
		{4EDDFE09-DE68-4DFA-BBD0-A1E8A51B9523}.Release|x64.Build.0 = Release|x64
		{4EDDFE09-DE68-4DFA-BBD0-A1E8A51B9523}.Release|x86.ActiveCfg = Release|Win32
		{4EDDFE09-DE68-4DFA-BBD0-A1E8A51B9523}.Release|x86.Build.0 = Release|Win32
		{5D494C35-1734-419F-B7D5-726B69794A5D}.Debug|x64.ActiveCfg = Debug|x64
		{5D494C35-1734-419F-B7D5-726B69794A5D}.Debug|x64.Build.0 = Debug|x64
		{5D494C35-1734-419F-B7D5-726B69794A5D}.Debug|x86.ActiveCfg = Debug|Win32
		{5D494C35-1734-419F-B7D5-726B69794A5D}.Debug|x86.Build.0 = Debug|Win32
		{5D494C35-1734-419F-B7D5-726B69794A5D}.Release|x64.ActiveCfg = Release|x64
		{5D494C35-1734-419F-B7D5-726B69794A5D}.Release|x64.Build.0 = Release|x64
		{5D494C35-1734-419F-B7D5-726B69794A5D}.Release|x86.ActiveCfg = Release|Win32
		{5D494C35-1734-419F-B7D5-726B69794A5D}.Release|x86.Build.0 = Release|Win32
		{53153A6C-6A75-4D68-9BEE-0286F9DAAF6F}.Debug|x64.ActiveCfg = Debug|x64
		{53153A6C-6A75-4D68-9BEE-0286F9DAAF6F}.Debug|x64.Build.0 = Debug|x64
		{53153A6C-6A75-4D68-9BEE-0286F9DAAF6F}.Debug|x86.ActiveCfg = Debug|Win32
		{53153A6C-6A75-4D68-9BEE-0286F9DAAF6F}.Debug|x86.Build.0 = Debug|Win32
		{53153A6C-6A75-4D68-9BEE-0286F9DAAF6F}.Release|x64.ActiveCfg = Release|x64
		{53153A6C-6A75-4D68-9BEE-0286F9DAAF6F}.Release|x64.Build.0 = Release|x64
		{53153A6C-6A75-4D68-9BEE-0286F9DAAF6F}.Release|x86.ActiveCfg = Release|Win32
		{53153A6C-6A75-4D68-9BEE-0286F9DAAF6F}.Release|x86.Build.0 = Release|Win32
		{6C0F9FB0-EDFE-43C3-BE2C-51C7D9517652}.Debug|x64.ActiveCfg = Debug|x64
		{6C0F9FB0-EDFE-43C3-BE2C-51C7D9517652}.Debug|x64.Build.0 = Debug|x64
		{6C0F9FB0-EDFE-43C3-BE2C-51C7D9517652}.Debug|x86.ActiveCfg = Debug|Win32
		{6C0F9FB0-EDFE-43C3-BE2C-51C7D9517652}.Debug|x86.Build.0 = Debug|Win32
		{6C0F9FB0-EDFE-43C3-BE2C-51C7D9517652}.Release|x64.ActiveCfg = Release|x64
		{6C0F9FB0-EDFE-43C3-BE2C-51C7D9517652}.Release|x64.Build.0 = Release|x64
		{6C0F9FB0-EDFE-43C3-BE2C-51C7D9517652}.Release|x86.ActiveCfg = Release|Win32
		{6C0F9FB0-EDFE-43C3-BE2C-51C7D9517652}.Release|x86.Build.0 = Release|Win32
		{0D329C08-A7FD-42B6-9B89-122FA395E3B7}.Debug|x64.ActiveCfg = Debug|x64
		{0D329C08-A7FD-42B6-9B89-122FA395E3B7}.Debug|x64.Build.0 = Debug|x64
		{0D329C08-A7FD-42B6-9B89-122FA395E3B7}.Debug|x86.ActiveCfg = Debug|Win32
		{0D329C08-A7FD-42B6-9B89-122FA395E3B7}.Debug|x86.Build.0 = Debug|Win32
		{0D329C08-A7FD-42B6-9B89-122FA395E3B7}.Release|x64.ActiveCfg = Release|x64
		{0D329C08-A7FD-42B6-9B89-122FA395E3B7}.Release|x64.Build.0 = Release|x64
		{0D329C08-A7FD-42B6-9B89-122FA395E3B7}.Release|x86.ActiveCfg = Release|Win32
		{0D329C08-A7FD-42B6-9B89-122FA395E3B7}.Release|x86.Build.0 = Release|Win32
		{ED0646AF-4F0C-4B9B-80B0-737754410725}.Debug|x64.ActiveCfg = Debug|x64
		{ED0646AF-4F0C-4B9B-80B0-737754410725}.Debug|x64.Build.0 = Debug|x64
		{ED0646AF-4F0C-4B9B-80B0-737754410725}.Debug|x86.ActiveCfg = Debug|Win32
		{ED0646AF-4F0C-4B9B-80B0-737754410725}.Debug|x86.Build.0 = Debug|Win32
		{ED0646AF-4F0C-4B9B-80B0-737754410725}.Release|x64.ActiveCfg = Release|x64
		{ED0646AF-4F0C-4B9B-80B0-737754410725}.Release|x64.Build.0 = Release|x64
		{ED0646AF-4F0C-4B9B-80B0-737754410725}.Release|x86.ActiveCfg = Release|Win32
		{ED0646AF-4F0C-4B9B-80B0-737754410725}.Release|x86.Build.0 = Release|Win32
		{FB4E5BF2-3206-4E65-9587-071CD958DEFA}.Debug|x64.ActiveCfg = Debug|x64
		{FB4E5BF2-3206-4E65-9587-071CD958DEFA}.Debug|x64.Build.0 = Debug|x64
		{FB4E5BF2-3206-4E65-9587-071CD958DEFA}.Debug|x86.ActiveCfg = Debug|Win32
		{FB4E5BF2-3206-4E65-9587-071CD958DEFA}.Debug|x86.Build.0 = Debug|Win32
		{FB4E5BF2-3206-4E65-9587-071CD958DEFA}.Release|x64.ActiveCfg = Release|x64
		{FB4E5BF2-3206-4E65-9587-071CD958DEFA}.Release|x64.Build.0 = Release|x64
		{FB4E5BF2-3206-4E65-9587-071CD958DEFA}.Release|x86.ActiveCfg = Release|Win32
		{FB4E5BF2-3206-4E65-9587-071CD958DEFA}.Release|x86.Build.0 = Release|Win32
		{1BDA23E3-B4F2-4912-BD75-AF4383EAAB74}.Debug|x64.ActiveCfg = Debug|x64
		{1BDA23E3-B4F2-4912-BD75-AF4383EAAB74}.Debug|x64.Build.0 = Debug|x64
		{1BDA23E3-B4F2-4912-BD75-AF4383EAAB74}.Debug|x86.ActiveCfg = Debug|Win32
		{1BDA23E3-B4F2-4912-BD75-AF4383EAAB74}.Debug|x86.Build.0 = Debug|Win32
		{1BDA23E3-B4F2-4912-BD75-AF4383EAAB74}.Release|x64.ActiveCfg = Release|x64
		{1BDA23E3-B4F2-4912-BD75-AF4383EAAB74}.Release|x64.Build.0 = Release|x64
		{1BDA23E3-B4F2-4912-BD75-AF4383EAAB74}.Release|x86.ActiveCfg = Release|Win32
		{1BDA23E3-B4F2-4912-BD75-AF4383EAAB74}.Release|x86.Build.0 = Release|Win32
		{6D56121E-D8E5-4920-A84E-B920C5B14A7D}.Debug|x64.ActiveCfg = Debug|x64
		{6D56121E-D8E5-4920-A84E-B920C5B14A7D}.Debug|x64.Build.0 = Debug|x64
		{6D56121E-D8E5-4920-A84E-B920C5B14A7D}.Debug|x86.ActiveCfg = Debug|Win32
		{6D56121E-D8E5-4920-A84E-B920C5B14A7D}.Debug|x86.Build.0 = Debug|Win32
		{6D56121E-D8E5-4920-A84E-B920C5B14A7D}.Release|x64.ActiveCfg = Release|x64
		{6D56121E-D8E5-4920-A84E-B920C5B14A7D}.Release|x64.Build.0 = Release|x64
		{6D56121E-D8E5-4920-A84E-B920C5B14A7D}.Release|x86.ActiveCfg = Release|Win32
		{6D56121E-D8E5-4920-A84E-B920C5B14A7D}.Release|x86.Build.0 = Release|Win32
		{F5CDB0DB-DB3C-4E29-83F1-2E97495A0983}.Debug|x64.ActiveCfg = Debug|x64
		{F5CDB0DB-DB3C-4E29-83F1-2E97495A0983}.Debug|x64.Build.0 = Debug|x64
		{F5CDB0DB-DB3C-4E29-83F1-2E97495A0983}.Debug|x86.ActiveCfg = Debug|Win32
		{F5CDB0DB-DB3C-4E29-83F1-2E97495A0983}.Debug|x86.Build.0 = Debug|Win32
		{F5CDB0DB-DB3C-4E29-83F1-2E97495A0983}.Release|x64.ActiveCfg = Release|x64
		{F5CDB0DB-DB3C-4E29-83F1-2E97495A0983}.Release|x64.Build.0 = Release|x64
		{F5CDB0DB-DB3C-4E29-83F1-2E97495A0983}.Release|x86.ActiveCfg = Release|Win32
		{F5CDB0DB-DB3C-4E29-83F1-2E97495A0983}.Release|x86.Build.0 = Release|Win32
		{114FE09E-7B38-46AE-97BA-B0E7C0DCAE9F}.Debug|x64.ActiveCfg = Debug|x64
		{114FE09E-7B38-46AE-97BA-B0E7C0DCAE9F}.Debug|x64.Build.0 = Debug|x64
		{114FE09E-7B38-46AE-97BA-B0E7C0DCAE9F}.Debug|x86.ActiveCfg = Debug|Win32
		{114FE09E-7B38-46AE-97BA-B0E7C0DCAE9F}.Debug|x86.Build.0 = Debug|Win32
		{114FE09E-7B38-46AE-97BA-B0E7C0DCAE9F}.Release|x64.ActiveCfg = Release|x64
		{114FE09E-7B38-46AE-97BA-B0E7C0DCAE9F}.Release|x64.Build.0 = Release|x64
		{114FE09E-7B38-46AE-97BA-B0E7C0DCAE9F}.Release|x86.ActiveCfg = Release|Win32
		{114FE09E-7B38-46AE-97BA-B0E7C0DCAE9F}.Release|x86.Build.0 = Release|Win32
		{AA043D67-0E04-40AD-83E6-AAB5C8B5506A}.Debug|x64.ActiveCfg = Debug|x64
		{AA043D67-0E04-40AD-83E6-AAB5C8B5506A}.Debug|x64.Build.0 = Debug|x64
		{AA043D67-0E04-40AD-83E6-AAB5C8B5506A}.Debug|x86.ActiveCfg = Debug|Win32
		{AA043D67-0E04-40AD-83E6-AAB5C8B5506A}.Debug|x86.Build.0 = Debug|Win32
		{AA043D67-0E04-40AD-83E6-AAB5C8B5506A}.Release|x64.ActiveCfg = Release|x64
		{AA043D67-0E04-40AD-83E6-AAB5C8B5506A}.Release|x64.Build.0 = Release|x64
		{AA043D67-0E04-40AD-83E6-AAB5C8B5506A}.Release|x86.ActiveCfg = Release|Win32
		{AA043D67-0E04-40AD-83E6-AAB5C8B5506A}.Release|x86.Build.0 = Release|Win32
		{5F6BB0EA-6115-4C6A-A0B8-D85E848C9B26}.Debug|x64.ActiveCfg = Debug|x64
		{5F6BB0EA-6115-4C6A-A0B8-D85E848C9B26}.Debug|x64.Build.0 = Debug|x64
		{5F6BB0EA-6115-4C6A-A0B8-D85E848C9B26}.Debug|x86.ActiveCfg = Debug|Win32
		{5F6BB0EA-6115-4C6A-A0B8-D85E848C9B26}.Debug|x86.Build.0 = Debug|Win32
		{5F6BB0EA-6115-4C6A-A0B8-D85E848C9B26}.Release|x64.ActiveCfg = Release|x64
		{5F6BB0EA-6115-4C6A-A0B8-D85E848C9B26}.Release|x64.Build.0 = Release|x64
		{5F6BB0EA-6115-4C6A-A0B8-D85E848C9B26}.Release|x86.ActiveCfg = Release|Win32
		{5F6BB0EA-6115-4C6A-A0B8-D85E848C9B26}.Release|x86.Build.0 = Release|Win32
		{037B6492-CA93-40B2-AA11-4D0BCEC396CD}.Debug|x64.ActiveCfg = Debug|x64
		{037B6492-CA93-40B2-AA11-4D0BCEC396CD}.Debug|x64.Build.0 = Debug|x64
		{037B6492-CA93-40B2-AA11-4D0BCEC396CD}.Debug|x86.ActiveCfg = Debug|Win32
		{037B6492-CA93-40B2-AA11-4D0BCEC396CD}.Debug|x86.Build.0 = Debug|Win32
		{037B6492-CA93-40B2-AA11-4D0BCEC396CD}.Release|x64.ActiveCfg = Release|x64
		{037B6492-CA93-40B2-AA11-4D0BCEC396CD}.Release|x64.Build.0 = Release|x64
		{037B6492-CA93-40B2-AA11-4D0BCEC396CD}.Release|x86.ActiveCfg = Release|Win32
		{037B6492-CA93-40B2-AA11-4D0BCEC396CD}.Release|x86.Build.0 = Release|Win32
		{FEE6A3E7-D13D-4F87-918C-81FF3150D623}.Debug|x64.ActiveCfg = Debug|x64
		{FEE6A3E7-D13D-4F87-918C-81FF3150D623}.Debug|x64.Build.0 = Debug|x64
		{FEE6A3E7-D13D-4F87-918C-81FF3150D623}.Debug|x86.ActiveCfg = Debug|Win32
		{FEE6A3E7-D13D-4F87-918C-81FF3150D623}.Debug|x86.Build.0 = Debug|Win32
		{FEE6A3E7-D13D-4F87-918C-81FF3150D623}.Release|x64.ActiveCfg = Release|x64
		{FEE6A3E7-D13D-4F87-918C-81FF3150D623}.Release|x64.Build.0 = Release|x64
		{FEE6A3E7-D13D-4F87-918C-81FF3150D623}.Release|x86.ActiveCfg = Release|Win32
		{FEE6A3E7-D13D-4F87-918C-81FF3150D623}.Release|x86.Build.0 = Release|Win32
		{F5CF9C4C-96A4-4377-9013-2CC3B8000D66}.Debug|x64.ActiveCfg = Debug|x64
		{F5CF9C4C-96A4-4377-9013-2CC3B8000D66}.Debug|x64.Build.0 = Debug|x64
		{F5CF9C4C-96A4-4377-9013-2CC3B8000D66}.Debug|x86.ActiveCfg = Debug|Win32
		{F5CF9C4C-96A4-4377-9013-2CC3B8000D66}.Debug|x86.Build.0 = Debug|Win32
		{F5CF9C4C-96A4-4377-9013-2CC3B8000D66}.Release|x64.ActiveCfg = Release|x64
		{F5CF9C4C-96A4-4377-9013-2CC3B8000D66}.Release|x64.Build.0 = Release|x64
		{F5CF9C4C-96A4-4377-9013-2CC3B8000D66}.Release|x86.ActiveCfg = Release|Win32
		{F5CF9C4C-96A4-4377-9013-2CC3B8000D66}.Release|x86.Build.0 = Release|Win32
		{56833741-E7FD-4D15-A890-9601A446B1BF}.Debug|x64.ActiveCfg = Debug|x64
		{56833741-E7FD-4D15-A890-9601A446B1BF}.Debug|x64.Build.0 = Debug|x64
		{56833741-E7FD-4D15-A890-9601A446B1BF}.Debug|x86.ActiveCfg = Debug|Win32
		{56833741-E7FD-4D15-A890-9601A446B1BF}.Debug|x86.Build.0 = Debug|Win32
		{56833741-E7FD-4D15-A890-9601A446B1BF}.Release|x64.ActiveCfg = Release|x64
		{56833741-E7FD-4D15-A890-9601A446B1BF}.Release|x64.Build.0 = Release|x64
		{56833741-E7FD-4D15-A890-9601A446B1BF}.Release|x86.ActiveCfg = Release|Win32
		{56833741-E7FD-4D15-A890-9601A446B1BF}.Release|x86.Build.0 = Release|Win32
		{24BE0DA0-73AF-4046-A982-E1888877DB31}.Debug|x64.ActiveCfg = Debug|x64
		{24BE0DA0-73AF-4046-A982-E1888877DB31}.Debug|x64.Build.0 = Debug|x64
		{24BE0DA0-73AF-4046-A982-E1888877DB31}.Debug|x86.ActiveCfg = Debug|Win32
		{24BE0DA0-73AF-4046-A982-E1888877DB31}.Debug|x86.Build.0 = Debug|Win32
		{24BE0DA0-73AF-4046-A982-E1888877DB31}.Release|x64.ActiveCfg = Release|x64
		{24BE0DA0-73AF-4046-A982-E1888877DB31}.Release|x64.Build.0 = Release|x64
		{24BE0DA0-73AF-4046-A982-E1888877DB31}.Release|x86.ActiveCfg = Release|Win32
		{24BE0DA0-73AF-4046-A982-E1888877DB31}.Release|x86.Build.0 = Release|Win32
		{C2482951-B493-42D4-8844-AF6720EFCE5E}.Debug|x64.ActiveCfg = Debug|x64
		{C2482951-B493-42D4-8844-AF6720EFCE5E}.Debug|x64.Build.0 = Debug|x64
		{C2482951-B493-42D4-8844-AF6720EFCE5E}.Debug|x86.ActiveCfg = Debug|Win32
		{C2482951-B493-42D4-8844-AF6720EFCE5E}.Debug|x86.Build.0 = Debug|Win32
		{C2482951-B493-42D4-8844-AF6720EFCE5E}.Release|x64.ActiveCfg = Release|x64
		{C2482951-B493-42D4-8844-AF6720EFCE5E}.Release|x64.Build.0 = Release|x64
		{C2482951-B493-42D4-8844-AF6720EFCE5E}.Release|x86.ActiveCfg = Release|Win32
		{C2482951-B493-42D4-8844-AF6720EFCE5E}.Release|x86.Build.0 = Release|Win32
		{AAD87771-4E01-426C-888A-610000BD64E0}.Debug|x64.ActiveCfg = Debug|x64
		{AAD87771-4E01-426C-888A-610000BD64E0}.Debug|x64.Build.0 = Debug|x64
		{AAD87771-4E01-426C-888A-610000BD64E0}.Debug|x86.ActiveCfg = Debug|Win32
		{AAD87771-4E01-426C-888A-610000BD64E0}.Debug|x86.Build.0 = Debug|Win32
		{AAD87771-4E01-426C-888A-610000BD64E0}.Release|x64.ActiveCfg = Release|x64
		{AAD87771-4E01-426C-888A-610000BD64E0}.Release|x64.Build.0 = Release|x64
		{AAD87771-4E01-426C-888A-610000BD64E0}.Release|x86.ActiveCfg = Release|Win32
		{AAD87771-4E01-426C-888A-610000BD64E0}.Release|x86.Build.0 = Release|Win32
	EndGlobalSection
	GlobalSection(SolutionProperties) = preSolution
		HideSolutionNode = FALSE
	EndGlobalSection
	GlobalSection(NestedProjects) = preSolution
		{9A020DF6-5691-4CF4-A4C1-DD3786E4E86D} = {5F9DE8E8-BE20-4575-B6E8-43B592A9D738}
		{70D26258-4881-4278-862E-B42BEE7B12AC} = {C4382AAD-1730-45D0-8695-0D53CA0818E2}
		{0F4DEEBB-E68B-44B2-986D-9E6ABC4D7709} = {CD1AC05C-8060-45B0-BD3D-EDFE91832E8F}
		{74EFCEBF-351D-407C-B01C-EB3551B7C12C} = {6F088030-0737-43EB-8460-18B44741218C}
		{2D69CB36-A2D1-4609-B1DC-B2F6CA5B5C6D} = {5240753E-E801-4EA6-93A6-77A8466238CE}
		{48381F09-3764-413E-B9AF-92F0B403018F} = {6F088030-0737-43EB-8460-18B44741218C}
		{D544675E-D57C-498F-9F93-9701452596E1} = {5240753E-E801-4EA6-93A6-77A8466238CE}
		{F718EDE8-C9AC-4936-BEAC-2091571EA707} = {5240753E-E801-4EA6-93A6-77A8466238CE}
		{CF0D44A6-FCEA-49B7-A1D4-709B31F82171} = {3CDCDA0B-F5B5-4283-9602-F33E8C84BD7E}
		{FEB52E89-3447-4E59-B6BA-5E698CFF2E17} = {FB7C766E-4990-409B-8F3A-74BC4FAC1E19}
		{4E74AF8D-63F0-41EC-B1B2-8D88CF70713A} = {C739DFF6-0184-4A56-A4A1-B0E6A9DF85BF}
		{CA5E056D-E930-4008-AB67-481499679DC7} = {FB7C766E-4990-409B-8F3A-74BC4FAC1E19}
		{0C527220-5B78-4139-982F-F8444BC225F8} = {C739DFF6-0184-4A56-A4A1-B0E6A9DF85BF}
		{3B194EAD-5394-4E48-B509-BD2DDF35E5CF} = {3CDCDA0B-F5B5-4283-9602-F33E8C84BD7E}
		{CB3CFBEA-FEDE-4ED3-B5A5-CE2AACCB93DC} = {F502CE26-0057-4D16-BDCE-4B30C37EAFC9}
		{11C35D2A-B270-47FC-BFF6-D8D90DDFA99B} = {3EBB7997-F495-4361-945D-0221EFF73D21}
		{6EA8B29F-61F1-475F-94CE-118344DAEB37} = {3EBB7997-F495-4361-945D-0221EFF73D21}
		{4EDDFE09-DE68-4DFA-BBD0-A1E8A51B9523} = {3EBB7997-F495-4361-945D-0221EFF73D21}
		{5D494C35-1734-419F-B7D5-726B69794A5D} = {3EBB7997-F495-4361-945D-0221EFF73D21}
		{53153A6C-6A75-4D68-9BEE-0286F9DAAF6F} = {3EBB7997-F495-4361-945D-0221EFF73D21}
		{6C0F9FB0-EDFE-43C3-BE2C-51C7D9517652} = {A0729840-D58E-4882-A708-9488D28A1462}
		{0D329C08-A7FD-42B6-9B89-122FA395E3B7} = {A0729840-D58E-4882-A708-9488D28A1462}
		{ED0646AF-4F0C-4B9B-80B0-737754410725} = {A0729840-D58E-4882-A708-9488D28A1462}
		{FB4E5BF2-3206-4E65-9587-071CD958DEFA} = {5F9DE8E8-BE20-4575-B6E8-43B592A9D738}
		{1BDA23E3-B4F2-4912-BD75-AF4383EAAB74} = {5F9DE8E8-BE20-4575-B6E8-43B592A9D738}
		{6D56121E-D8E5-4920-A84E-B920C5B14A7D} = {A0729840-D58E-4882-A708-9488D28A1462}
		{F5CDB0DB-DB3C-4E29-83F1-2E97495A0983} = {9AD90F60-22A8-424E-AC4B-EB5EE1DB2CEA}
		{114FE09E-7B38-46AE-97BA-B0E7C0DCAE9F} = {9AD90F60-22A8-424E-AC4B-EB5EE1DB2CEA}
		{AA043D67-0E04-40AD-83E6-AAB5C8B5506A} = {9AD90F60-22A8-424E-AC4B-EB5EE1DB2CEA}
		{5F6BB0EA-6115-4C6A-A0B8-D85E848C9B26} = {9AD90F60-22A8-424E-AC4B-EB5EE1DB2CEA}
		{037B6492-CA93-40B2-AA11-4D0BCEC396CD} = {9AD90F60-22A8-424E-AC4B-EB5EE1DB2CEA}
		{FEE6A3E7-D13D-4F87-918C-81FF3150D623} = {9AD90F60-22A8-424E-AC4B-EB5EE1DB2CEA}
		{F5CF9C4C-96A4-4377-9013-2CC3B8000D66} = {F502CE26-0057-4D16-BDCE-4B30C37EAFC9}
		{56833741-E7FD-4D15-A890-9601A446B1BF} = {5240753E-E801-4EA6-93A6-77A8466238CE}
		{24BE0DA0-73AF-4046-A982-E1888877DB31} = {7C98A95A-BF1C-4BD7-A918-91DF6EB7AE5E}
		{C2482951-B493-42D4-8844-AF6720EFCE5E} = {DA1A674B-593A-403F-BF9B-F50680246851}
		{AAD87771-4E01-426C-888A-610000BD64E0} = {5F9DE8E8-BE20-4575-B6E8-43B592A9D738}
	EndGlobalSection
	GlobalSection(ExtensibilityGlobals) = postSolution
		SolutionGuid = {94BCA069-EAED-4DDB-8033-B387575F7E9F}
	EndGlobalSection
EndGlobal
