
Microsoft Visual Studio Solution File, Format Version 12.00
# Visual Studio Version 16
VisualStudioVersion = 16.0.31729.503
MinimumVisualStudioVersion = 10.0.40219.1
Project("{8BC9CEB8-8B4A-11D0-8D11-00A0C91BC942}") = "n27424", "Task27\n27424\n27424.vcxproj", "{9A020DF6-5691-4CF4-A4C1-DD3786E4E86D}"
EndProject
Project("{8BC9CEB8-8B4A-11D0-8D11-00A0C91BC942}") = "n15787", "Task02\n15787\n15787.vcxproj", "{70D26258-4881-4278-862E-B42BEE7B12AC}"
EndProject
Project("{2150E333-8FDC-42A3-9474-1A3956D46DE8}") = "Task02", "Task02", "{C4382AAD-1730-45D0-8695-0D53CA0818E2}"
EndProject
Project("{2150E333-8FDC-42A3-9474-1A3956D46DE8}") = "Task27", "Task27", "{5F9DE8E8-BE20-4575-B6E8-43B592A9D738}"
EndProject
Project("{8BC9CEB8-8B4A-11D0-8D11-00A0C91BC942}") = "Temp", "Temp\Temp.vcxproj", "{20739E75-671D-41B5-99B7-C51E7C509F90}"
EndProject
Project("{2150E333-8FDC-42A3-9474-1A3956D46DE8}") = "Task07", "Task07", "{CD1AC05C-8060-45B0-BD3D-EDFE91832E8F}"
EndProject
Project("{8BC9CEB8-8B4A-11D0-8D11-00A0C91BC942}") = "n27267", "Task07\n27267\n27267.vcxproj", "{0F4DEEBB-E68B-44B2-986D-9E6ABC4D7709}"
EndProject
Project("{2150E333-8FDC-42A3-9474-1A3956D46DE8}") = "Task23", "Task23", "{6F088030-0737-43EB-8460-18B44741218C}"
EndProject
Project("{8BC9CEB8-8B4A-11D0-8D11-00A0C91BC942}") = "n18503", "Task23\n18503\n18503.vcxproj", "{74EFCEBF-351D-407C-B01C-EB3551B7C12C}"
EndProject
Project("{2150E333-8FDC-42A3-9474-1A3956D46DE8}") = "Task16", "Task16", "{5240753E-E801-4EA6-93A6-77A8466238CE}"
EndProject
Project("{8BC9CEB8-8B4A-11D0-8D11-00A0C91BC942}") = "n27413", "Task16\n27413\n27413.vcxproj", "{2D69CB36-A2D1-4609-B1DC-B2F6CA5B5C6D}"
EndProject
Project("{8BC9CEB8-8B4A-11D0-8D11-00A0C91BC942}") = "n13579", "Task23\n13579\n13579.vcxproj", "{48381F09-3764-413E-B9AF-92F0B403018F}"
EndProject
Project("{8BC9CEB8-8B4A-11D0-8D11-00A0C91BC942}") = "n33486", "Task16\n33486\n33486.vcxproj", "{D544675E-D57C-498F-9F93-9701452596E1}"
EndProject
Project("{8BC9CEB8-8B4A-11D0-8D11-00A0C91BC942}") = "n33518", "Task16\n33518\n33518.vcxproj", "{F718EDE8-C9AC-4936-BEAC-2091571EA707}"
EndProject
Global
	GlobalSection(SolutionConfigurationPlatforms) = preSolution
		Debug|x64 = Debug|x64
		Debug|x86 = Debug|x86
		Release|x64 = Release|x64
		Release|x86 = Release|x86
	EndGlobalSection
	GlobalSection(ProjectConfigurationPlatforms) = postSolution
		{9A020DF6-5691-4CF4-A4C1-DD3786E4E86D}.Debug|x64.ActiveCfg = Debug|x64
		{9A020DF6-5691-4CF4-A4C1-DD3786E4E86D}.Debug|x64.Build.0 = Debug|x64
		{9A020DF6-5691-4CF4-A4C1-DD3786E4E86D}.Debug|x86.ActiveCfg = Debug|Win32
		{9A020DF6-5691-4CF4-A4C1-DD3786E4E86D}.Debug|x86.Build.0 = Debug|Win32
		{9A020DF6-5691-4CF4-A4C1-DD3786E4E86D}.Release|x64.ActiveCfg = Release|x64
		{9A020DF6-5691-4CF4-A4C1-DD3786E4E86D}.Release|x64.Build.0 = Release|x64
		{9A020DF6-5691-4CF4-A4C1-DD3786E4E86D}.Release|x86.ActiveCfg = Release|Win32
		{9A020DF6-5691-4CF4-A4C1-DD3786E4E86D}.Release|x86.Build.0 = Release|Win32
		{70D26258-4881-4278-862E-B42BEE7B12AC}.Debug|x64.ActiveCfg = Debug|x64
		{70D26258-4881-4278-862E-B42BEE7B12AC}.Debug|x64.Build.0 = Debug|x64
		{70D26258-4881-4278-862E-B42BEE7B12AC}.Debug|x86.ActiveCfg = Debug|Win32
		{70D26258-4881-4278-862E-B42BEE7B12AC}.Debug|x86.Build.0 = Debug|Win32
		{70D26258-4881-4278-862E-B42BEE7B12AC}.Release|x64.ActiveCfg = Release|x64
		{70D26258-4881-4278-862E-B42BEE7B12AC}.Release|x64.Build.0 = Release|x64
		{70D26258-4881-4278-862E-B42BEE7B12AC}.Release|x86.ActiveCfg = Release|Win32
		{70D26258-4881-4278-862E-B42BEE7B12AC}.Release|x86.Build.0 = Release|Win32
		{20739E75-671D-41B5-99B7-C51E7C509F90}.Debug|x64.ActiveCfg = Debug|x64
		{20739E75-671D-41B5-99B7-C51E7C509F90}.Debug|x64.Build.0 = Debug|x64
		{20739E75-671D-41B5-99B7-C51E7C509F90}.Debug|x86.ActiveCfg = Debug|Win32
		{20739E75-671D-41B5-99B7-C51E7C509F90}.Debug|x86.Build.0 = Debug|Win32
		{20739E75-671D-41B5-99B7-C51E7C509F90}.Release|x64.ActiveCfg = Release|x64
		{20739E75-671D-41B5-99B7-C51E7C509F90}.Release|x64.Build.0 = Release|x64
		{20739E75-671D-41B5-99B7-C51E7C509F90}.Release|x86.ActiveCfg = Release|Win32
		{20739E75-671D-41B5-99B7-C51E7C509F90}.Release|x86.Build.0 = Release|Win32
		{0F4DEEBB-E68B-44B2-986D-9E6ABC4D7709}.Debug|x64.ActiveCfg = Debug|x64
		{0F4DEEBB-E68B-44B2-986D-9E6ABC4D7709}.Debug|x64.Build.0 = Debug|x64
		{0F4DEEBB-E68B-44B2-986D-9E6ABC4D7709}.Debug|x86.ActiveCfg = Debug|Win32
		{0F4DEEBB-E68B-44B2-986D-9E6ABC4D7709}.Debug|x86.Build.0 = Debug|Win32
		{0F4DEEBB-E68B-44B2-986D-9E6ABC4D7709}.Release|x64.ActiveCfg = Release|x64
		{0F4DEEBB-E68B-44B2-986D-9E6ABC4D7709}.Release|x64.Build.0 = Release|x64
		{0F4DEEBB-E68B-44B2-986D-9E6ABC4D7709}.Release|x86.ActiveCfg = Release|Win32
		{0F4DEEBB-E68B-44B2-986D-9E6ABC4D7709}.Release|x86.Build.0 = Release|Win32
		{74EFCEBF-351D-407C-B01C-EB3551B7C12C}.Debug|x64.ActiveCfg = Debug|x64
		{74EFCEBF-351D-407C-B01C-EB3551B7C12C}.Debug|x64.Build.0 = Debug|x64
		{74EFCEBF-351D-407C-B01C-EB3551B7C12C}.Debug|x86.ActiveCfg = Debug|Win32
		{74EFCEBF-351D-407C-B01C-EB3551B7C12C}.Debug|x86.Build.0 = Debug|Win32
		{74EFCEBF-351D-407C-B01C-EB3551B7C12C}.Release|x64.ActiveCfg = Release|x64
		{74EFCEBF-351D-407C-B01C-EB3551B7C12C}.Release|x64.Build.0 = Release|x64
		{74EFCEBF-351D-407C-B01C-EB3551B7C12C}.Release|x86.ActiveCfg = Release|Win32
		{74EFCEBF-351D-407C-B01C-EB3551B7C12C}.Release|x86.Build.0 = Release|Win32
		{2D69CB36-A2D1-4609-B1DC-B2F6CA5B5C6D}.Debug|x64.ActiveCfg = Debug|x64
		{2D69CB36-A2D1-4609-B1DC-B2F6CA5B5C6D}.Debug|x64.Build.0 = Debug|x64
		{2D69CB36-A2D1-4609-B1DC-B2F6CA5B5C6D}.Debug|x86.ActiveCfg = Debug|Win32
		{2D69CB36-A2D1-4609-B1DC-B2F6CA5B5C6D}.Debug|x86.Build.0 = Debug|Win32
		{2D69CB36-A2D1-4609-B1DC-B2F6CA5B5C6D}.Release|x64.ActiveCfg = Release|x64
		{2D69CB36-A2D1-4609-B1DC-B2F6CA5B5C6D}.Release|x64.Build.0 = Release|x64
		{2D69CB36-A2D1-4609-B1DC-B2F6CA5B5C6D}.Release|x86.ActiveCfg = Release|Win32
		{2D69CB36-A2D1-4609-B1DC-B2F6CA5B5C6D}.Release|x86.Build.0 = Release|Win32
		{48381F09-3764-413E-B9AF-92F0B403018F}.Debug|x64.ActiveCfg = Debug|x64
		{48381F09-3764-413E-B9AF-92F0B403018F}.Debug|x64.Build.0 = Debug|x64
		{48381F09-3764-413E-B9AF-92F0B403018F}.Debug|x86.ActiveCfg = Debug|Win32
		{48381F09-3764-413E-B9AF-92F0B403018F}.Debug|x86.Build.0 = Debug|Win32
		{48381F09-3764-413E-B9AF-92F0B403018F}.Release|x64.ActiveCfg = Release|x64
		{48381F09-3764-413E-B9AF-92F0B403018F}.Release|x64.Build.0 = Release|x64
		{48381F09-3764-413E-B9AF-92F0B403018F}.Release|x86.ActiveCfg = Release|Win32
		{48381F09-3764-413E-B9AF-92F0B403018F}.Release|x86.Build.0 = Release|Win32
		{D544675E-D57C-498F-9F93-9701452596E1}.Debug|x64.ActiveCfg = Debug|x64
		{D544675E-D57C-498F-9F93-9701452596E1}.Debug|x64.Build.0 = Debug|x64
		{D544675E-D57C-498F-9F93-9701452596E1}.Debug|x86.ActiveCfg = Debug|Win32
		{D544675E-D57C-498F-9F93-9701452596E1}.Debug|x86.Build.0 = Debug|Win32
		{D544675E-D57C-498F-9F93-9701452596E1}.Release|x64.ActiveCfg = Release|x64
		{D544675E-D57C-498F-9F93-9701452596E1}.Release|x64.Build.0 = Release|x64
		{D544675E-D57C-498F-9F93-9701452596E1}.Release|x86.ActiveCfg = Release|Win32
		{D544675E-D57C-498F-9F93-9701452596E1}.Release|x86.Build.0 = Release|Win32
		{F718EDE8-C9AC-4936-BEAC-2091571EA707}.Debug|x64.ActiveCfg = Debug|x64
		{F718EDE8-C9AC-4936-BEAC-2091571EA707}.Debug|x64.Build.0 = Debug|x64
		{F718EDE8-C9AC-4936-BEAC-2091571EA707}.Debug|x86.ActiveCfg = Debug|Win32
		{F718EDE8-C9AC-4936-BEAC-2091571EA707}.Debug|x86.Build.0 = Debug|Win32
		{F718EDE8-C9AC-4936-BEAC-2091571EA707}.Release|x64.ActiveCfg = Release|x64
		{F718EDE8-C9AC-4936-BEAC-2091571EA707}.Release|x64.Build.0 = Release|x64
		{F718EDE8-C9AC-4936-BEAC-2091571EA707}.Release|x86.ActiveCfg = Release|Win32
		{F718EDE8-C9AC-4936-BEAC-2091571EA707}.Release|x86.Build.0 = Release|Win32
	EndGlobalSection
	GlobalSection(SolutionProperties) = preSolution
		HideSolutionNode = FALSE
	EndGlobalSection
	GlobalSection(NestedProjects) = preSolution
		{9A020DF6-5691-4CF4-A4C1-DD3786E4E86D} = {5F9DE8E8-BE20-4575-B6E8-43B592A9D738}
		{70D26258-4881-4278-862E-B42BEE7B12AC} = {C4382AAD-1730-45D0-8695-0D53CA0818E2}
		{0F4DEEBB-E68B-44B2-986D-9E6ABC4D7709} = {CD1AC05C-8060-45B0-BD3D-EDFE91832E8F}
		{74EFCEBF-351D-407C-B01C-EB3551B7C12C} = {6F088030-0737-43EB-8460-18B44741218C}
		{2D69CB36-A2D1-4609-B1DC-B2F6CA5B5C6D} = {5240753E-E801-4EA6-93A6-77A8466238CE}
		{48381F09-3764-413E-B9AF-92F0B403018F} = {6F088030-0737-43EB-8460-18B44741218C}
		{D544675E-D57C-498F-9F93-9701452596E1} = {5240753E-E801-4EA6-93A6-77A8466238CE}
		{F718EDE8-C9AC-4936-BEAC-2091571EA707} = {5240753E-E801-4EA6-93A6-77A8466238CE}
	EndGlobalSection
	GlobalSection(ExtensibilityGlobals) = postSolution
		SolutionGuid = {94BCA069-EAED-4DDB-8033-B387575F7E9F}
	EndGlobalSection
EndGlobal
